
Microsoft Visual Studio Solution File, Format Version 12.00
Project("{FAE04EC0-301F-11D3-BF4B-00C04F79EFBC}") = "Contact", "Contact\Contact.csproj", "{D404BEF6-F24C-46F8-84F0-A02990A01640}"
EndProject
Global
	GlobalSection(SolutionConfigurationPlatforms) = preSolution
		Debug|Any CPU = Debug|Any CPU
		Release|Any CPU = Release|Any CPU
	EndGlobalSection
	GlobalSection(ProjectConfigurationPlatforms) = postSolution
		{D404BEF6-F24C-46F8-84F0-A02990A01640}.Debug|Any CPU.ActiveCfg = Debug|Any CPU
		{D404BEF6-F24C-46F8-84F0-A02990A01640}.Debug|Any CPU.Build.0 = Debug|Any CPU
		{D404BEF6-F24C-46F8-84F0-A02990A01640}.Release|Any CPU.ActiveCfg = Release|Any CPU
		{D404BEF6-F24C-46F8-84F0-A02990A01640}.Release|Any CPU.Build.0 = Release|Any CPU
	EndGlobalSection
EndGlobal
